
Microsoft Visual Studio Solution File, Format Version 12.00
# Visual Studio 15
VisualStudioVersion = 15.0.28307.902
MinimumVisualStudioVersion = 10.0.40219.1
Project("{FAE04EC0-301F-11D3-BF4B-00C04F79EFBC}") = "WebSockets", "WebSockets\WebSockets.csproj", "{0DC177C6-EA77-400B-AD91-991E4FBF3A06}"
EndProject
Project("{D954291E-2A0B-460D-934E-DC6B0785DB48}") = "MakeCert", "MakeCert\MakeCert.shproj", "{C68FEFBF-4C72-4862-8815-9647F7E4C2C9}"
EndProject
Project("{FAE04EC0-301F-11D3-BF4B-00C04F79EFBC}") = "WCF_HttpWinService", "WCF_HttpWinService\WCF_HttpWinService.csproj", "{F826A29A-7F2E-4719-9DFE-735E59F2F552}"
EndProject
Project("{FAE04EC0-301F-11D3-BF4B-00C04F79EFBC}") = "WCF_HttpClient", "WCF_HttpClient\WCF_HttpClient.csproj", "{90BBC1AB-76AD-440C-834E-A3B75A96F6A2}"
EndProject
Project("{2150E333-8FDC-42A3-9474-1A3956D46DE8}") = "nginx.conf", "nginx.conf", "{0E468FCD-02FC-487A-B905-A33265A6E203}"
	ProjectSection(SolutionItems) = preProject
		nginx.conf\nginx.conf = nginx.conf\nginx.conf
	EndProjectSection
EndProject
Project("{2150E333-8FDC-42A3-9474-1A3956D46DE8}") = "Web_HtmlClient", "Web_HtmlClient", "{971D0BA6-E7C9-4688-B2E1-DD645143A24A}"
	ProjectSection(SolutionItems) = preProject
		Web_HtmlClient\http.html = Web_HtmlClient\http.html
		Web_HtmlClient\ssl.html = Web_HtmlClient\ssl.html
		Web_HtmlClient\web.config = Web_HtmlClient\web.config
		Web_HtmlClient\websocket.html = Web_HtmlClient\websocket.html
	EndProjectSection
EndProject
Global
	GlobalSection(SharedMSBuildProjectFiles) = preSolution
		MakeCert\MakeCert.projitems*{c68fefbf-4c72-4862-8815-9647f7e4c2c9}*SharedItemsImports = 13
	EndGlobalSection
	GlobalSection(SolutionConfigurationPlatforms) = preSolution
		Debug|Any CPU = Debug|Any CPU
		Release|Any CPU = Release|Any CPU
	EndGlobalSection
	GlobalSection(ProjectConfigurationPlatforms) = postSolution
		{0DC177C6-EA77-400B-AD91-991E4FBF3A06}.Debug|Any CPU.ActiveCfg = Debug|Any CPU
		{0DC177C6-EA77-400B-AD91-991E4FBF3A06}.Debug|Any CPU.Build.0 = Debug|Any CPU
		{0DC177C6-EA77-400B-AD91-991E4FBF3A06}.Release|Any CPU.ActiveCfg = Release|Any CPU
		{0DC177C6-EA77-400B-AD91-991E4FBF3A06}.Release|Any CPU.Build.0 = Release|Any CPU
		{F826A29A-7F2E-4719-9DFE-735E59F2F552}.Debug|Any CPU.ActiveCfg = Debug|Any CPU
		{F826A29A-7F2E-4719-9DFE-735E59F2F552}.Debug|Any CPU.Build.0 = Debug|Any CPU
		{F826A29A-7F2E-4719-9DFE-735E59F2F552}.Release|Any CPU.ActiveCfg = Release|Any CPU
		{F826A29A-7F2E-4719-9DFE-735E59F2F552}.Release|Any CPU.Build.0 = Release|Any CPU
		{90BBC1AB-76AD-440C-834E-A3B75A96F6A2}.Debug|Any CPU.ActiveCfg = Debug|Any CPU
		{90BBC1AB-76AD-440C-834E-A3B75A96F6A2}.Debug|Any CPU.Build.0 = Debug|Any CPU
		{90BBC1AB-76AD-440C-834E-A3B75A96F6A2}.Release|Any CPU.ActiveCfg = Release|Any CPU
		{90BBC1AB-76AD-440C-834E-A3B75A96F6A2}.Release|Any CPU.Build.0 = Release|Any CPU
	EndGlobalSection
	GlobalSection(SolutionProperties) = preSolution
		HideSolutionNode = FALSE
	EndGlobalSection
	GlobalSection(ExtensibilityGlobals) = postSolution
		SolutionGuid = {913CAF0E-9ED7-438E-82CB-E7E56CFC09CD}
	EndGlobalSection
EndGlobal
